
Microsoft Visual Studio Solution File, Format Version 12.00
# Visual Studio 15
Project("{FAE04EC0-301F-11D3-BF4B-00C04F79EFBC}") = "Assembly-CSharp", "Assembly-CSharp.csproj", "{B8F44F50-A398-5936-0C27-219A7FCB0198}"
EndProject
Project("{FAE04EC0-301F-11D3-BF4B-00C04F79EFBC}") = "Assembly-CSharp-Editor", "Assembly-CSharp-Editor.csproj", "{D5DBDCA1-0199-1AC6-0E3C-11EAB82E849A}"
EndProject
Global
	GlobalSection(SolutionConfigurationPlatforms) = preSolution
		Debug|Any CPU = Debug|Any CPU
		Release|Any CPU = Release|Any CPU
	EndGlobalSection
	GlobalSection(ProjectConfigurationPlatforms) = postSolution
		{B8F44F50-A398-5936-0C27-219A7FCB0198}.Debug|Any CPU.ActiveCfg = Debug|Any CPU
		{B8F44F50-A398-5936-0C27-219A7FCB0198}.Debug|Any CPU.Build.0 = Debug|Any CPU
		{B8F44F50-A398-5936-0C27-219A7FCB0198}.Release|Any CPU.ActiveCfg = Release|Any CPU
		{B8F44F50-A398-5936-0C27-219A7FCB0198}.Release|Any CPU.Build.0 = Release|Any CPU
		{D5DBDCA1-0199-1AC6-0E3C-11EAB82E849A}.Debug|Any CPU.ActiveCfg = Debug|Any CPU
		{D5DBDCA1-0199-1AC6-0E3C-11EAB82E849A}.Debug|Any CPU.Build.0 = Debug|Any CPU
		{D5DBDCA1-0199-1AC6-0E3C-11EAB82E849A}.Release|Any CPU.ActiveCfg = Release|Any CPU
		{D5DBDCA1-0199-1AC6-0E3C-11EAB82E849A}.Release|Any CPU.Build.0 = Release|Any CPU
	EndGlobalSection
	GlobalSection(SolutionProperties) = preSolution
		HideSolutionNode = FALSE
	EndGlobalSection
EndGlobal
